
Microsoft Visual Studio Solution File, Format Version 12.00
# Visual Studio Version 17
VisualStudioVersion = 17.10.34928.147
MinimumVisualStudioVersion = 10.0.40219.1
Project("{FAE04EC0-301F-11D3-BF4B-00C04F79EFBC}") = "AutocadInitialization", "AutocadInitialization.csproj", "{BB3156EB-33D3-43D5-B418-918ECD92F3E1}"
EndProject
Global
	GlobalSection(SolutionConfigurationPlatforms) = preSolution
		Debug|Any CPU = Debug|Any CPU
		Release|Any CPU = Release|Any CPU
	EndGlobalSection
	GlobalSection(ProjectConfigurationPlatforms) = postSolution
		{BB3156EB-33D3-43D5-B418-918ECD92F3E1}.Debug|Any CPU.ActiveCfg = Debug|Any CPU
		{BB3156EB-33D3-43D5-B418-918ECD92F3E1}.Debug|Any CPU.Build.0 = Debug|Any CPU
		{BB3156EB-33D3-43D5-B418-918ECD92F3E1}.Release|Any CPU.ActiveCfg = Release|Any CPU
		{BB3156EB-33D3-43D5-B418-918ECD92F3E1}.Release|Any CPU.Build.0 = Release|Any CPU
	EndGlobalSection
	GlobalSection(SolutionProperties) = preSolution
		HideSolutionNode = FALSE
	EndGlobalSection
	GlobalSection(ExtensibilityGlobals) = postSolution
		SolutionGuid = {DBE2CF03-D7D9-491D-9D7F-34F7CD8148E2}
	EndGlobalSection
EndGlobal
